
Microsoft Visual Studio Solution File, Format Version 12.00
# Visual Studio Version 16
VisualStudioVersion = 16.0.31112.23
MinimumVisualStudioVersion = 10.0.40219.1
Project("{9A19103F-16F7-4668-BE54-9A1E7A4F7556}") = "Gatonini.Desktop", "Gatonini.Desktop\Gatonini.Desktop.csproj", "{124A172F-8F67-4B35-B851-20E103C4C631}"
EndProject
Project("{2150E333-8FDC-42A3-9474-1A3956D46DE8}") = "Server", "Server", "{A7615F94-CFBF-47F8-938A-A7427F2A3CB5}"
EndProject
Project("{2150E333-8FDC-42A3-9474-1A3956D46DE8}") = "Core", "Core", "{9CA3571C-EEFC-403D-B2ED-828ECD44D1C3}"
EndProject
Project("{2150E333-8FDC-42A3-9474-1A3956D46DE8}") = "Mobile", "Mobile", "{14677FAB-1EEC-4CBC-AE72-CD79EA5C195C}"
EndProject
Project("{2150E333-8FDC-42A3-9474-1A3956D46DE8}") = "Desktop", "Desktop", "{4D841E9A-6579-4115-BE72-7F8625342B14}"
EndProject
Project("{FAE04EC0-301F-11D3-BF4B-00C04F79EFBC}") = "Gatonini.Android", "Gatonini\Gatonini.Android\Gatonini.Android.csproj", "{AED4C2A9-8CFB-45EE-B1CB-208CD7E40CAB}"
EndProject
Project("{FAE04EC0-301F-11D3-BF4B-00C04F79EFBC}") = "Gatonini.iOS", "Gatonini\Gatonini.iOS\Gatonini.iOS.csproj", "{6AF6706C-224A-4B30-8B1B-44BE636119D2}"
EndProject
Project("{9A19103F-16F7-4668-BE54-9A1E7A4F7556}") = "Gatonini", "Gatonini\Gatonini\Gatonini.csproj", "{C9084F9D-9C2E-446A-B9A1-B96F56871531}"
EndProject
Project("{9A19103F-16F7-4668-BE54-9A1E7A4F7556}") = "BaseVM", "D:\My Projects\Quitaye\BaseVM\BaseVM.csproj", "{6009E2AF-8EAC-4971-979B-74129520F505}"
EndProject
Project("{9A19103F-16F7-4668-BE54-9A1E7A4F7556}") = "Models", "D:\My Projects\Quitaye\Models\Models.csproj", "{96D4C50E-C4CD-4A66-8F80-B686B6F3BCB6}"
EndProject
Project("{9A19103F-16F7-4668-BE54-9A1E7A4F7556}") = "Services", "D:\My Projects\Quitaye\Services\Services.csproj", "{DD6CACE0-652D-44AE-993C-696BE30926A6}"
EndProject
Project("{9A19103F-16F7-4668-BE54-9A1E7A4F7556}") = "Controllers", "D:\My Projects\Quitaye\Controllers\Controllers.csproj", "{EAFB7531-DFE5-40D2-B482-C4CA0BAF2068}"
EndProject
Project("{9A19103F-16F7-4668-BE54-9A1E7A4F7556}") = "Quitaye.Server", "D:\My Projects\Quitaye\Quitaye.Server\Quitaye.Server.csproj", "{404857A1-FBD7-4DB6-99AD-D410CD509EF0}"
EndProject
Project("{9A19103F-16F7-4668-BE54-9A1E7A4F7556}") = "Entities", "D:\My Projects\Quitaye\Entities\Entities.csproj", "{318B7163-84BC-4E98-B044-D41E2CB6899C}"
EndProject
Project("{9A19103F-16F7-4668-BE54-9A1E7A4F7556}") = "Contracts", "D:\My Projects\Quitaye\Contracts\Contracts.csproj", "{E4DB6257-22FF-4AE3-84F2-A69740197903}"
EndProject
Project("{9A19103F-16F7-4668-BE54-9A1E7A4F7556}") = "Repository", "D:\My Projects\Quitaye\Repository\Repository.csproj", "{C7734C96-88AF-4571-A770-0447FDA036EB}"
EndProject
Global
	GlobalSection(SolutionConfigurationPlatforms) = preSolution
		Debug|Any CPU = Debug|Any CPU
		Debug|iPhone = Debug|iPhone
		Debug|iPhoneSimulator = Debug|iPhoneSimulator
		Release|Any CPU = Release|Any CPU
		Release|iPhone = Release|iPhone
		Release|iPhoneSimulator = Release|iPhoneSimulator
	EndGlobalSection
	GlobalSection(ProjectConfigurationPlatforms) = postSolution
		{124A172F-8F67-4B35-B851-20E103C4C631}.Debug|Any CPU.ActiveCfg = Debug|Any CPU
		{124A172F-8F67-4B35-B851-20E103C4C631}.Debug|Any CPU.Build.0 = Debug|Any CPU
		{124A172F-8F67-4B35-B851-20E103C4C631}.Debug|iPhone.ActiveCfg = Debug|Any CPU
		{124A172F-8F67-4B35-B851-20E103C4C631}.Debug|iPhone.Build.0 = Debug|Any CPU
		{124A172F-8F67-4B35-B851-20E103C4C631}.Debug|iPhoneSimulator.ActiveCfg = Debug|Any CPU
		{124A172F-8F67-4B35-B851-20E103C4C631}.Debug|iPhoneSimulator.Build.0 = Debug|Any CPU
		{124A172F-8F67-4B35-B851-20E103C4C631}.Release|Any CPU.ActiveCfg = Release|Any CPU
		{124A172F-8F67-4B35-B851-20E103C4C631}.Release|Any CPU.Build.0 = Release|Any CPU
		{124A172F-8F67-4B35-B851-20E103C4C631}.Release|iPhone.ActiveCfg = Release|Any CPU
		{124A172F-8F67-4B35-B851-20E103C4C631}.Release|iPhone.Build.0 = Release|Any CPU
		{124A172F-8F67-4B35-B851-20E103C4C631}.Release|iPhoneSimulator.ActiveCfg = Release|Any CPU
		{124A172F-8F67-4B35-B851-20E103C4C631}.Release|iPhoneSimulator.Build.0 = Release|Any CPU
		{AED4C2A9-8CFB-45EE-B1CB-208CD7E40CAB}.Debug|Any CPU.ActiveCfg = Debug|Any CPU
		{AED4C2A9-8CFB-45EE-B1CB-208CD7E40CAB}.Debug|Any CPU.Build.0 = Debug|Any CPU
		{AED4C2A9-8CFB-45EE-B1CB-208CD7E40CAB}.Debug|Any CPU.Deploy.0 = Debug|Any CPU
		{AED4C2A9-8CFB-45EE-B1CB-208CD7E40CAB}.Debug|iPhone.ActiveCfg = Debug|Any CPU
		{AED4C2A9-8CFB-45EE-B1CB-208CD7E40CAB}.Debug|iPhone.Build.0 = Debug|Any CPU
		{AED4C2A9-8CFB-45EE-B1CB-208CD7E40CAB}.Debug|iPhone.Deploy.0 = Debug|Any CPU
		{AED4C2A9-8CFB-45EE-B1CB-208CD7E40CAB}.Debug|iPhoneSimulator.ActiveCfg = Debug|Any CPU
		{AED4C2A9-8CFB-45EE-B1CB-208CD7E40CAB}.Debug|iPhoneSimulator.Build.0 = Debug|Any CPU
		{AED4C2A9-8CFB-45EE-B1CB-208CD7E40CAB}.Debug|iPhoneSimulator.Deploy.0 = Debug|Any CPU
		{AED4C2A9-8CFB-45EE-B1CB-208CD7E40CAB}.Release|Any CPU.ActiveCfg = Release|Any CPU
		{AED4C2A9-8CFB-45EE-B1CB-208CD7E40CAB}.Release|Any CPU.Build.0 = Release|Any CPU
		{AED4C2A9-8CFB-45EE-B1CB-208CD7E40CAB}.Release|Any CPU.Deploy.0 = Release|Any CPU
		{AED4C2A9-8CFB-45EE-B1CB-208CD7E40CAB}.Release|iPhone.ActiveCfg = Release|Any CPU
		{AED4C2A9-8CFB-45EE-B1CB-208CD7E40CAB}.Release|iPhone.Build.0 = Release|Any CPU
		{AED4C2A9-8CFB-45EE-B1CB-208CD7E40CAB}.Release|iPhone.Deploy.0 = Release|Any CPU
		{AED4C2A9-8CFB-45EE-B1CB-208CD7E40CAB}.Release|iPhoneSimulator.ActiveCfg = Release|Any CPU
		{AED4C2A9-8CFB-45EE-B1CB-208CD7E40CAB}.Release|iPhoneSimulator.Build.0 = Release|Any CPU
		{AED4C2A9-8CFB-45EE-B1CB-208CD7E40CAB}.Release|iPhoneSimulator.Deploy.0 = Release|Any CPU
		{6AF6706C-224A-4B30-8B1B-44BE636119D2}.Debug|Any CPU.ActiveCfg = Debug|iPhoneSimulator
		{6AF6706C-224A-4B30-8B1B-44BE636119D2}.Debug|iPhone.ActiveCfg = Debug|iPhone
		{6AF6706C-224A-4B30-8B1B-44BE636119D2}.Debug|iPhone.Build.0 = Debug|iPhone
		{6AF6706C-224A-4B30-8B1B-44BE636119D2}.Debug|iPhoneSimulator.ActiveCfg = Debug|iPhoneSimulator
		{6AF6706C-224A-4B30-8B1B-44BE636119D2}.Debug|iPhoneSimulator.Build.0 = Debug|iPhoneSimulator
		{6AF6706C-224A-4B30-8B1B-44BE636119D2}.Release|Any CPU.ActiveCfg = Release|iPhoneSimulator
		{6AF6706C-224A-4B30-8B1B-44BE636119D2}.Release|iPhone.ActiveCfg = Release|iPhone
		{6AF6706C-224A-4B30-8B1B-44BE636119D2}.Release|iPhone.Build.0 = Release|iPhone
		{6AF6706C-224A-4B30-8B1B-44BE636119D2}.Release|iPhoneSimulator.ActiveCfg = Release|iPhoneSimulator
		{6AF6706C-224A-4B30-8B1B-44BE636119D2}.Release|iPhoneSimulator.Build.0 = Release|iPhoneSimulator
		{C9084F9D-9C2E-446A-B9A1-B96F56871531}.Debug|Any CPU.ActiveCfg = Debug|Any CPU
		{C9084F9D-9C2E-446A-B9A1-B96F56871531}.Debug|Any CPU.Build.0 = Debug|Any CPU
		{C9084F9D-9C2E-446A-B9A1-B96F56871531}.Debug|iPhone.ActiveCfg = Debug|Any CPU
		{C9084F9D-9C2E-446A-B9A1-B96F56871531}.Debug|iPhone.Build.0 = Debug|Any CPU
		{C9084F9D-9C2E-446A-B9A1-B96F56871531}.Debug|iPhoneSimulator.ActiveCfg = Debug|Any CPU
		{C9084F9D-9C2E-446A-B9A1-B96F56871531}.Debug|iPhoneSimulator.Build.0 = Debug|Any CPU
		{C9084F9D-9C2E-446A-B9A1-B96F56871531}.Release|Any CPU.ActiveCfg = Release|Any CPU
		{C9084F9D-9C2E-446A-B9A1-B96F56871531}.Release|Any CPU.Build.0 = Release|Any CPU
		{C9084F9D-9C2E-446A-B9A1-B96F56871531}.Release|iPhone.ActiveCfg = Release|Any CPU
		{C9084F9D-9C2E-446A-B9A1-B96F56871531}.Release|iPhone.Build.0 = Release|Any CPU
		{C9084F9D-9C2E-446A-B9A1-B96F56871531}.Release|iPhoneSimulator.ActiveCfg = Release|Any CPU
		{C9084F9D-9C2E-446A-B9A1-B96F56871531}.Release|iPhoneSimulator.Build.0 = Release|Any CPU
		{6009E2AF-8EAC-4971-979B-74129520F505}.Debug|Any CPU.ActiveCfg = Debug|Any CPU
		{6009E2AF-8EAC-4971-979B-74129520F505}.Debug|Any CPU.Build.0 = Debug|Any CPU
		{6009E2AF-8EAC-4971-979B-74129520F505}.Debug|iPhone.ActiveCfg = Debug|Any CPU
		{6009E2AF-8EAC-4971-979B-74129520F505}.Debug|iPhone.Build.0 = Debug|Any CPU
		{6009E2AF-8EAC-4971-979B-74129520F505}.Debug|iPhoneSimulator.ActiveCfg = Debug|Any CPU
		{6009E2AF-8EAC-4971-979B-74129520F505}.Debug|iPhoneSimulator.Build.0 = Debug|Any CPU
		{6009E2AF-8EAC-4971-979B-74129520F505}.Release|Any CPU.ActiveCfg = Release|Any CPU
		{6009E2AF-8EAC-4971-979B-74129520F505}.Release|Any CPU.Build.0 = Release|Any CPU
		{6009E2AF-8EAC-4971-979B-74129520F505}.Release|iPhone.ActiveCfg = Release|Any CPU
		{6009E2AF-8EAC-4971-979B-74129520F505}.Release|iPhone.Build.0 = Release|Any CPU
		{6009E2AF-8EAC-4971-979B-74129520F505}.Release|iPhoneSimulator.ActiveCfg = Release|Any CPU
		{6009E2AF-8EAC-4971-979B-74129520F505}.Release|iPhoneSimulator.Build.0 = Release|Any CPU
		{96D4C50E-C4CD-4A66-8F80-B686B6F3BCB6}.Debug|Any CPU.ActiveCfg = Debug|Any CPU
		{96D4C50E-C4CD-4A66-8F80-B686B6F3BCB6}.Debug|Any CPU.Build.0 = Debug|Any CPU
		{96D4C50E-C4CD-4A66-8F80-B686B6F3BCB6}.Debug|iPhone.ActiveCfg = Debug|Any CPU
		{96D4C50E-C4CD-4A66-8F80-B686B6F3BCB6}.Debug|iPhone.Build.0 = Debug|Any CPU
		{96D4C50E-C4CD-4A66-8F80-B686B6F3BCB6}.Debug|iPhoneSimulator.ActiveCfg = Debug|Any CPU
		{96D4C50E-C4CD-4A66-8F80-B686B6F3BCB6}.Debug|iPhoneSimulator.Build.0 = Debug|Any CPU
		{96D4C50E-C4CD-4A66-8F80-B686B6F3BCB6}.Release|Any CPU.ActiveCfg = Release|Any CPU
		{96D4C50E-C4CD-4A66-8F80-B686B6F3BCB6}.Release|Any CPU.Build.0 = Release|Any CPU
		{96D4C50E-C4CD-4A66-8F80-B686B6F3BCB6}.Release|iPhone.ActiveCfg = Release|Any CPU
		{96D4C50E-C4CD-4A66-8F80-B686B6F3BCB6}.Release|iPhone.Build.0 = Release|Any CPU
		{96D4C50E-C4CD-4A66-8F80-B686B6F3BCB6}.Release|iPhoneSimulator.ActiveCfg = Release|Any CPU
		{96D4C50E-C4CD-4A66-8F80-B686B6F3BCB6}.Release|iPhoneSimulator.Build.0 = Release|Any CPU
		{DD6CACE0-652D-44AE-993C-696BE30926A6}.Debug|Any CPU.ActiveCfg = Debug|Any CPU
		{DD6CACE0-652D-44AE-993C-696BE30926A6}.Debug|Any CPU.Build.0 = Debug|Any CPU
		{DD6CACE0-652D-44AE-993C-696BE30926A6}.Debug|iPhone.ActiveCfg = Debug|Any CPU
		{DD6CACE0-652D-44AE-993C-696BE30926A6}.Debug|iPhone.Build.0 = Debug|Any CPU
		{DD6CACE0-652D-44AE-993C-696BE30926A6}.Debug|iPhoneSimulator.ActiveCfg = Debug|Any CPU
		{DD6CACE0-652D-44AE-993C-696BE30926A6}.Debug|iPhoneSimulator.Build.0 = Debug|Any CPU
		{DD6CACE0-652D-44AE-993C-696BE30926A6}.Release|Any CPU.ActiveCfg = Release|Any CPU
		{DD6CACE0-652D-44AE-993C-696BE30926A6}.Release|Any CPU.Build.0 = Release|Any CPU
		{DD6CACE0-652D-44AE-993C-696BE30926A6}.Release|iPhone.ActiveCfg = Release|Any CPU
		{DD6CACE0-652D-44AE-993C-696BE30926A6}.Release|iPhone.Build.0 = Release|Any CPU
		{DD6CACE0-652D-44AE-993C-696BE30926A6}.Release|iPhoneSimulator.ActiveCfg = Release|Any CPU
		{DD6CACE0-652D-44AE-993C-696BE30926A6}.Release|iPhoneSimulator.Build.0 = Release|Any CPU
		{EAFB7531-DFE5-40D2-B482-C4CA0BAF2068}.Debug|Any CPU.ActiveCfg = Debug|Any CPU
		{EAFB7531-DFE5-40D2-B482-C4CA0BAF2068}.Debug|Any CPU.Build.0 = Debug|Any CPU
		{EAFB7531-DFE5-40D2-B482-C4CA0BAF2068}.Debug|iPhone.ActiveCfg = Debug|Any CPU
		{EAFB7531-DFE5-40D2-B482-C4CA0BAF2068}.Debug|iPhone.Build.0 = Debug|Any CPU
		{EAFB7531-DFE5-40D2-B482-C4CA0BAF2068}.Debug|iPhoneSimulator.ActiveCfg = Debug|Any CPU
		{EAFB7531-DFE5-40D2-B482-C4CA0BAF2068}.Debug|iPhoneSimulator.Build.0 = Debug|Any CPU
		{EAFB7531-DFE5-40D2-B482-C4CA0BAF2068}.Release|Any CPU.ActiveCfg = Release|Any CPU
		{EAFB7531-DFE5-40D2-B482-C4CA0BAF2068}.Release|Any CPU.Build.0 = Release|Any CPU
		{EAFB7531-DFE5-40D2-B482-C4CA0BAF2068}.Release|iPhone.ActiveCfg = Release|Any CPU
		{EAFB7531-DFE5-40D2-B482-C4CA0BAF2068}.Release|iPhone.Build.0 = Release|Any CPU
		{EAFB7531-DFE5-40D2-B482-C4CA0BAF2068}.Release|iPhoneSimulator.ActiveCfg = Release|Any CPU
		{EAFB7531-DFE5-40D2-B482-C4CA0BAF2068}.Release|iPhoneSimulator.Build.0 = Release|Any CPU
		{404857A1-FBD7-4DB6-99AD-D410CD509EF0}.Debug|Any CPU.ActiveCfg = Debug|Any CPU
		{404857A1-FBD7-4DB6-99AD-D410CD509EF0}.Debug|Any CPU.Build.0 = Debug|Any CPU
		{404857A1-FBD7-4DB6-99AD-D410CD509EF0}.Debug|iPhone.ActiveCfg = Debug|Any CPU
		{404857A1-FBD7-4DB6-99AD-D410CD509EF0}.Debug|iPhone.Build.0 = Debug|Any CPU
		{404857A1-FBD7-4DB6-99AD-D410CD509EF0}.Debug|iPhoneSimulator.ActiveCfg = Debug|Any CPU
		{404857A1-FBD7-4DB6-99AD-D410CD509EF0}.Debug|iPhoneSimulator.Build.0 = Debug|Any CPU
		{404857A1-FBD7-4DB6-99AD-D410CD509EF0}.Release|Any CPU.ActiveCfg = Release|Any CPU
		{404857A1-FBD7-4DB6-99AD-D410CD509EF0}.Release|Any CPU.Build.0 = Release|Any CPU
		{404857A1-FBD7-4DB6-99AD-D410CD509EF0}.Release|iPhone.ActiveCfg = Release|Any CPU
		{404857A1-FBD7-4DB6-99AD-D410CD509EF0}.Release|iPhone.Build.0 = Release|Any CPU
		{404857A1-FBD7-4DB6-99AD-D410CD509EF0}.Release|iPhoneSimulator.ActiveCfg = Release|Any CPU
		{404857A1-FBD7-4DB6-99AD-D410CD509EF0}.Release|iPhoneSimulator.Build.0 = Release|Any CPU
		{318B7163-84BC-4E98-B044-D41E2CB6899C}.Debug|Any CPU.ActiveCfg = Debug|Any CPU
		{318B7163-84BC-4E98-B044-D41E2CB6899C}.Debug|Any CPU.Build.0 = Debug|Any CPU
		{318B7163-84BC-4E98-B044-D41E2CB6899C}.Debug|iPhone.ActiveCfg = Debug|Any CPU
		{318B7163-84BC-4E98-B044-D41E2CB6899C}.Debug|iPhone.Build.0 = Debug|Any CPU
		{318B7163-84BC-4E98-B044-D41E2CB6899C}.Debug|iPhoneSimulator.ActiveCfg = Debug|Any CPU
		{318B7163-84BC-4E98-B044-D41E2CB6899C}.Debug|iPhoneSimulator.Build.0 = Debug|Any CPU
		{318B7163-84BC-4E98-B044-D41E2CB6899C}.Release|Any CPU.ActiveCfg = Release|Any CPU
		{318B7163-84BC-4E98-B044-D41E2CB6899C}.Release|Any CPU.Build.0 = Release|Any CPU
		{318B7163-84BC-4E98-B044-D41E2CB6899C}.Release|iPhone.ActiveCfg = Release|Any CPU
		{318B7163-84BC-4E98-B044-D41E2CB6899C}.Release|iPhone.Build.0 = Release|Any CPU
		{318B7163-84BC-4E98-B044-D41E2CB6899C}.Release|iPhoneSimulator.ActiveCfg = Release|Any CPU
		{318B7163-84BC-4E98-B044-D41E2CB6899C}.Release|iPhoneSimulator.Build.0 = Release|Any CPU
		{E4DB6257-22FF-4AE3-84F2-A69740197903}.Debug|Any CPU.ActiveCfg = Debug|Any CPU
		{E4DB6257-22FF-4AE3-84F2-A69740197903}.Debug|Any CPU.Build.0 = Debug|Any CPU
		{E4DB6257-22FF-4AE3-84F2-A69740197903}.Debug|iPhone.ActiveCfg = Debug|Any CPU
		{E4DB6257-22FF-4AE3-84F2-A69740197903}.Debug|iPhone.Build.0 = Debug|Any CPU
		{E4DB6257-22FF-4AE3-84F2-A69740197903}.Debug|iPhoneSimulator.ActiveCfg = Debug|Any CPU
		{E4DB6257-22FF-4AE3-84F2-A69740197903}.Debug|iPhoneSimulator.Build.0 = Debug|Any CPU
		{E4DB6257-22FF-4AE3-84F2-A69740197903}.Release|Any CPU.ActiveCfg = Release|Any CPU
		{E4DB6257-22FF-4AE3-84F2-A69740197903}.Release|Any CPU.Build.0 = Release|Any CPU
		{E4DB6257-22FF-4AE3-84F2-A69740197903}.Release|iPhone.ActiveCfg = Release|Any CPU
		{E4DB6257-22FF-4AE3-84F2-A69740197903}.Release|iPhone.Build.0 = Release|Any CPU
		{E4DB6257-22FF-4AE3-84F2-A69740197903}.Release|iPhoneSimulator.ActiveCfg = Release|Any CPU
		{E4DB6257-22FF-4AE3-84F2-A69740197903}.Release|iPhoneSimulator.Build.0 = Release|Any CPU
		{C7734C96-88AF-4571-A770-0447FDA036EB}.Debug|Any CPU.ActiveCfg = Debug|Any CPU
		{C7734C96-88AF-4571-A770-0447FDA036EB}.Debug|Any CPU.Build.0 = Debug|Any CPU
		{C7734C96-88AF-4571-A770-0447FDA036EB}.Debug|iPhone.ActiveCfg = Debug|Any CPU
		{C7734C96-88AF-4571-A770-0447FDA036EB}.Debug|iPhone.Build.0 = Debug|Any CPU
		{C7734C96-88AF-4571-A770-0447FDA036EB}.Debug|iPhoneSimulator.ActiveCfg = Debug|Any CPU
		{C7734C96-88AF-4571-A770-0447FDA036EB}.Debug|iPhoneSimulator.Build.0 = Debug|Any CPU
		{C7734C96-88AF-4571-A770-0447FDA036EB}.Release|Any CPU.ActiveCfg = Release|Any CPU
		{C7734C96-88AF-4571-A770-0447FDA036EB}.Release|Any CPU.Build.0 = Release|Any CPU
		{C7734C96-88AF-4571-A770-0447FDA036EB}.Release|iPhone.ActiveCfg = Release|Any CPU
		{C7734C96-88AF-4571-A770-0447FDA036EB}.Release|iPhone.Build.0 = Release|Any CPU
		{C7734C96-88AF-4571-A770-0447FDA036EB}.Release|iPhoneSimulator.ActiveCfg = Release|Any CPU
		{C7734C96-88AF-4571-A770-0447FDA036EB}.Release|iPhoneSimulator.Build.0 = Release|Any CPU
	EndGlobalSection
	GlobalSection(SolutionProperties) = preSolution
		HideSolutionNode = FALSE
	EndGlobalSection
	GlobalSection(NestedProjects) = preSolution
		{124A172F-8F67-4B35-B851-20E103C4C631} = {4D841E9A-6579-4115-BE72-7F8625342B14}
		{AED4C2A9-8CFB-45EE-B1CB-208CD7E40CAB} = {14677FAB-1EEC-4CBC-AE72-CD79EA5C195C}
		{6AF6706C-224A-4B30-8B1B-44BE636119D2} = {14677FAB-1EEC-4CBC-AE72-CD79EA5C195C}
		{C9084F9D-9C2E-446A-B9A1-B96F56871531} = {14677FAB-1EEC-4CBC-AE72-CD79EA5C195C}
		{6009E2AF-8EAC-4971-979B-74129520F505} = {9CA3571C-EEFC-403D-B2ED-828ECD44D1C3}
		{96D4C50E-C4CD-4A66-8F80-B686B6F3BCB6} = {9CA3571C-EEFC-403D-B2ED-828ECD44D1C3}
		{DD6CACE0-652D-44AE-993C-696BE30926A6} = {9CA3571C-EEFC-403D-B2ED-828ECD44D1C3}
		{EAFB7531-DFE5-40D2-B482-C4CA0BAF2068} = {A7615F94-CFBF-47F8-938A-A7427F2A3CB5}
		{404857A1-FBD7-4DB6-99AD-D410CD509EF0} = {A7615F94-CFBF-47F8-938A-A7427F2A3CB5}
		{318B7163-84BC-4E98-B044-D41E2CB6899C} = {9CA3571C-EEFC-403D-B2ED-828ECD44D1C3}
		{E4DB6257-22FF-4AE3-84F2-A69740197903} = {9CA3571C-EEFC-403D-B2ED-828ECD44D1C3}
		{C7734C96-88AF-4571-A770-0447FDA036EB} = {9CA3571C-EEFC-403D-B2ED-828ECD44D1C3}
	EndGlobalSection
	GlobalSection(ExtensibilityGlobals) = postSolution
		SolutionGuid = {55400471-0EA2-44CC-A088-CBEFF4485B7B}
	EndGlobalSection
EndGlobal
