
Microsoft Visual Studio Solution File, Format Version 12.00
# Visual Studio Version 16
VisualStudioVersion = 16.0.31112.23
MinimumVisualStudioVersion = 10.0.40219.1
Project("{FAE04EC0-301F-11D3-BF4B-00C04F79EFBC}") = "Gatonini.Android", "Gatonini\Gatonini.Android\Gatonini.Android.csproj", "{16C3CB74-F491-48F1-9623-FC1B76D18F7C}"
EndProject
Project("{FAE04EC0-301F-11D3-BF4B-00C04F79EFBC}") = "Gatonini.iOS", "Gatonini\Gatonini.iOS\Gatonini.iOS.csproj", "{A219AFA5-C19A-4EE6-BCA2-DD832EB3D1B5}"
EndProject
Project("{9A19103F-16F7-4668-BE54-9A1E7A4F7556}") = "Gatonini", "Gatonini\Gatonini\Gatonini.csproj", "{A30AC377-1A79-4F88-98B3-FB63BFD04D3F}"
EndProject
Project("{9A19103F-16F7-4668-BE54-9A1E7A4F7556}") = "Gatonini.Desktop", "Gatonini.Desktop\Gatonini.Desktop.csproj", "{124A172F-8F67-4B35-B851-20E103C4C631}"
EndProject
Project("{9A19103F-16F7-4668-BE54-9A1E7A4F7556}") = "Gatonini.BaseVM", "Gatonini.BaseVM\Gatonini.BaseVM.csproj", "{D3589952-1CE8-4541-8892-EB298A63F6A6}"
EndProject
Project("{9A19103F-16F7-4668-BE54-9A1E7A4F7556}") = "Gatonini.Services", "Gatonini.Services\Gatonini.Services.csproj", "{9B01F65F-24EA-4186-AE70-382E1AD09452}"
EndProject
Project("{9A19103F-16F7-4668-BE54-9A1E7A4F7556}") = "Gatonini.Models", "Gatonini.Models\Gatonini.Models.csproj", "{AF7036AB-0D41-46A5-A5BB-A86A1BEF53B4}"
EndProject
Project("{2150E333-8FDC-42A3-9474-1A3956D46DE8}") = "Server", "Server", "{A7615F94-CFBF-47F8-938A-A7427F2A3CB5}"
EndProject
Project("{2150E333-8FDC-42A3-9474-1A3956D46DE8}") = "Core", "Core", "{9CA3571C-EEFC-403D-B2ED-828ECD44D1C3}"
EndProject
Project("{2150E333-8FDC-42A3-9474-1A3956D46DE8}") = "Mobile", "Mobile", "{14677FAB-1EEC-4CBC-AE72-CD79EA5C195C}"
EndProject
Project("{2150E333-8FDC-42A3-9474-1A3956D46DE8}") = "Desktop", "Desktop", "{4D841E9A-6579-4115-BE72-7F8625342B14}"
EndProject
Project("{9A19103F-16F7-4668-BE54-9A1E7A4F7556}") = "Contracts", "Contracts\Contracts.csproj", "{5F4A8C59-C308-4AFA-B75A-3B913202EFAC}"
EndProject
Project("{9A19103F-16F7-4668-BE54-9A1E7A4F7556}") = "Gatonini.Server", "Gatonini.Server\Gatonini.Server.csproj", "{3AFC12D2-85E2-4D51-83FC-BED1EDA5D59E}"
EndProject
Project("{9A19103F-16F7-4668-BE54-9A1E7A4F7556}") = "Repository", "Repository\Repository.csproj", "{81FC64D7-C2B4-4296-A170-DF79D60A2FED}"
EndProject
Project("{9A19103F-16F7-4668-BE54-9A1E7A4F7556}") = "Entities", "Entities\Entities.csproj", "{26E99A31-264D-4123-B476-A1F07039C32A}"
EndProject
Project("{2150E333-8FDC-42A3-9474-1A3956D46DE8}") = "AdminMobile", "AdminMobile", "{489917F1-FA31-4022-AA66-E1379AE92EFF}"
EndProject
Project("{FAE04EC0-301F-11D3-BF4B-00C04F79EFBC}") = "GatoniniAdmin.Android", "GatoniniAdmin\GatoniniAdmin.Android\GatoniniAdmin.Android.csproj", "{12483765-D29E-4C0E-8555-AA3152E104A5}"
EndProject
Project("{FAE04EC0-301F-11D3-BF4B-00C04F79EFBC}") = "GatoniniAdmin.iOS", "GatoniniAdmin\GatoniniAdmin.iOS\GatoniniAdmin.iOS.csproj", "{FD222412-8C2E-4BE6-8453-92402E737F97}"
EndProject
Project("{FAE04EC0-301F-11D3-BF4B-00C04F79EFBC}") = "GatoniniAdmin", "GatoniniAdmin\GatoniniAdmin\GatoniniAdmin.csproj", "{16DC3753-4591-4288-B566-39B6943B5297}"
EndProject
Global
	GlobalSection(SolutionConfigurationPlatforms) = preSolution
		Debug|Any CPU = Debug|Any CPU
		Debug|iPhone = Debug|iPhone
		Debug|iPhoneSimulator = Debug|iPhoneSimulator
		Release|Any CPU = Release|Any CPU
		Release|iPhone = Release|iPhone
		Release|iPhoneSimulator = Release|iPhoneSimulator
	EndGlobalSection
	GlobalSection(ProjectConfigurationPlatforms) = postSolution
		{16C3CB74-F491-48F1-9623-FC1B76D18F7C}.Debug|Any CPU.ActiveCfg = Debug|Any CPU
		{16C3CB74-F491-48F1-9623-FC1B76D18F7C}.Debug|Any CPU.Build.0 = Debug|Any CPU
		{16C3CB74-F491-48F1-9623-FC1B76D18F7C}.Debug|Any CPU.Deploy.0 = Debug|Any CPU
		{16C3CB74-F491-48F1-9623-FC1B76D18F7C}.Debug|iPhone.ActiveCfg = Debug|Any CPU
		{16C3CB74-F491-48F1-9623-FC1B76D18F7C}.Debug|iPhone.Build.0 = Debug|Any CPU
		{16C3CB74-F491-48F1-9623-FC1B76D18F7C}.Debug|iPhone.Deploy.0 = Debug|Any CPU
		{16C3CB74-F491-48F1-9623-FC1B76D18F7C}.Debug|iPhoneSimulator.ActiveCfg = Debug|Any CPU
		{16C3CB74-F491-48F1-9623-FC1B76D18F7C}.Debug|iPhoneSimulator.Build.0 = Debug|Any CPU
		{16C3CB74-F491-48F1-9623-FC1B76D18F7C}.Debug|iPhoneSimulator.Deploy.0 = Debug|Any CPU
		{16C3CB74-F491-48F1-9623-FC1B76D18F7C}.Release|Any CPU.ActiveCfg = Release|Any CPU
		{16C3CB74-F491-48F1-9623-FC1B76D18F7C}.Release|Any CPU.Build.0 = Release|Any CPU
		{16C3CB74-F491-48F1-9623-FC1B76D18F7C}.Release|Any CPU.Deploy.0 = Release|Any CPU
		{16C3CB74-F491-48F1-9623-FC1B76D18F7C}.Release|iPhone.ActiveCfg = Release|Any CPU
		{16C3CB74-F491-48F1-9623-FC1B76D18F7C}.Release|iPhone.Build.0 = Release|Any CPU
		{16C3CB74-F491-48F1-9623-FC1B76D18F7C}.Release|iPhone.Deploy.0 = Release|Any CPU
		{16C3CB74-F491-48F1-9623-FC1B76D18F7C}.Release|iPhoneSimulator.ActiveCfg = Release|Any CPU
		{16C3CB74-F491-48F1-9623-FC1B76D18F7C}.Release|iPhoneSimulator.Build.0 = Release|Any CPU
		{16C3CB74-F491-48F1-9623-FC1B76D18F7C}.Release|iPhoneSimulator.Deploy.0 = Release|Any CPU
		{A219AFA5-C19A-4EE6-BCA2-DD832EB3D1B5}.Debug|Any CPU.ActiveCfg = Debug|iPhone
		{A219AFA5-C19A-4EE6-BCA2-DD832EB3D1B5}.Debug|Any CPU.Build.0 = Debug|iPhone
		{A219AFA5-C19A-4EE6-BCA2-DD832EB3D1B5}.Debug|Any CPU.Deploy.0 = Debug|iPhone
		{A219AFA5-C19A-4EE6-BCA2-DD832EB3D1B5}.Debug|iPhone.ActiveCfg = Debug|iPhone
		{A219AFA5-C19A-4EE6-BCA2-DD832EB3D1B5}.Debug|iPhone.Build.0 = Debug|iPhone
		{A219AFA5-C19A-4EE6-BCA2-DD832EB3D1B5}.Debug|iPhone.Deploy.0 = Debug|iPhone
		{A219AFA5-C19A-4EE6-BCA2-DD832EB3D1B5}.Debug|iPhoneSimulator.ActiveCfg = Debug|iPhoneSimulator
		{A219AFA5-C19A-4EE6-BCA2-DD832EB3D1B5}.Debug|iPhoneSimulator.Build.0 = Debug|iPhoneSimulator
		{A219AFA5-C19A-4EE6-BCA2-DD832EB3D1B5}.Debug|iPhoneSimulator.Deploy.0 = Debug|iPhoneSimulator
		{A219AFA5-C19A-4EE6-BCA2-DD832EB3D1B5}.Release|Any CPU.ActiveCfg = Release|iPhoneSimulator
		{A219AFA5-C19A-4EE6-BCA2-DD832EB3D1B5}.Release|Any CPU.Build.0 = Release|iPhoneSimulator
		{A219AFA5-C19A-4EE6-BCA2-DD832EB3D1B5}.Release|Any CPU.Deploy.0 = Release|iPhoneSimulator
		{A219AFA5-C19A-4EE6-BCA2-DD832EB3D1B5}.Release|iPhone.ActiveCfg = Release|iPhone
		{A219AFA5-C19A-4EE6-BCA2-DD832EB3D1B5}.Release|iPhone.Build.0 = Release|iPhone
		{A219AFA5-C19A-4EE6-BCA2-DD832EB3D1B5}.Release|iPhone.Deploy.0 = Release|iPhone
		{A219AFA5-C19A-4EE6-BCA2-DD832EB3D1B5}.Release|iPhoneSimulator.ActiveCfg = Release|iPhoneSimulator
		{A219AFA5-C19A-4EE6-BCA2-DD832EB3D1B5}.Release|iPhoneSimulator.Build.0 = Release|iPhoneSimulator
		{A219AFA5-C19A-4EE6-BCA2-DD832EB3D1B5}.Release|iPhoneSimulator.Deploy.0 = Release|iPhoneSimulator
		{A30AC377-1A79-4F88-98B3-FB63BFD04D3F}.Debug|Any CPU.ActiveCfg = Debug|Any CPU
		{A30AC377-1A79-4F88-98B3-FB63BFD04D3F}.Debug|Any CPU.Build.0 = Debug|Any CPU
		{A30AC377-1A79-4F88-98B3-FB63BFD04D3F}.Debug|Any CPU.Deploy.0 = Debug|Any CPU
		{A30AC377-1A79-4F88-98B3-FB63BFD04D3F}.Debug|iPhone.ActiveCfg = Debug|Any CPU
		{A30AC377-1A79-4F88-98B3-FB63BFD04D3F}.Debug|iPhone.Build.0 = Debug|Any CPU
		{A30AC377-1A79-4F88-98B3-FB63BFD04D3F}.Debug|iPhone.Deploy.0 = Debug|Any CPU
		{A30AC377-1A79-4F88-98B3-FB63BFD04D3F}.Debug|iPhoneSimulator.ActiveCfg = Debug|Any CPU
		{A30AC377-1A79-4F88-98B3-FB63BFD04D3F}.Debug|iPhoneSimulator.Build.0 = Debug|Any CPU
		{A30AC377-1A79-4F88-98B3-FB63BFD04D3F}.Debug|iPhoneSimulator.Deploy.0 = Debug|Any CPU
		{A30AC377-1A79-4F88-98B3-FB63BFD04D3F}.Release|Any CPU.ActiveCfg = Release|Any CPU
		{A30AC377-1A79-4F88-98B3-FB63BFD04D3F}.Release|Any CPU.Build.0 = Release|Any CPU
		{A30AC377-1A79-4F88-98B3-FB63BFD04D3F}.Release|Any CPU.Deploy.0 = Release|Any CPU
		{A30AC377-1A79-4F88-98B3-FB63BFD04D3F}.Release|iPhone.ActiveCfg = Release|Any CPU
		{A30AC377-1A79-4F88-98B3-FB63BFD04D3F}.Release|iPhone.Build.0 = Release|Any CPU
		{A30AC377-1A79-4F88-98B3-FB63BFD04D3F}.Release|iPhone.Deploy.0 = Release|Any CPU
		{A30AC377-1A79-4F88-98B3-FB63BFD04D3F}.Release|iPhoneSimulator.ActiveCfg = Release|Any CPU
		{A30AC377-1A79-4F88-98B3-FB63BFD04D3F}.Release|iPhoneSimulator.Build.0 = Release|Any CPU
		{A30AC377-1A79-4F88-98B3-FB63BFD04D3F}.Release|iPhoneSimulator.Deploy.0 = Release|Any CPU
		{124A172F-8F67-4B35-B851-20E103C4C631}.Debug|Any CPU.ActiveCfg = Debug|Any CPU
		{124A172F-8F67-4B35-B851-20E103C4C631}.Debug|Any CPU.Build.0 = Debug|Any CPU
		{124A172F-8F67-4B35-B851-20E103C4C631}.Debug|iPhone.ActiveCfg = Debug|Any CPU
		{124A172F-8F67-4B35-B851-20E103C4C631}.Debug|iPhone.Build.0 = Debug|Any CPU
		{124A172F-8F67-4B35-B851-20E103C4C631}.Debug|iPhoneSimulator.ActiveCfg = Debug|Any CPU
		{124A172F-8F67-4B35-B851-20E103C4C631}.Debug|iPhoneSimulator.Build.0 = Debug|Any CPU
		{124A172F-8F67-4B35-B851-20E103C4C631}.Release|Any CPU.ActiveCfg = Release|Any CPU
		{124A172F-8F67-4B35-B851-20E103C4C631}.Release|Any CPU.Build.0 = Release|Any CPU
		{124A172F-8F67-4B35-B851-20E103C4C631}.Release|iPhone.ActiveCfg = Release|Any CPU
		{124A172F-8F67-4B35-B851-20E103C4C631}.Release|iPhone.Build.0 = Release|Any CPU
		{124A172F-8F67-4B35-B851-20E103C4C631}.Release|iPhoneSimulator.ActiveCfg = Release|Any CPU
		{124A172F-8F67-4B35-B851-20E103C4C631}.Release|iPhoneSimulator.Build.0 = Release|Any CPU
		{D3589952-1CE8-4541-8892-EB298A63F6A6}.Debug|Any CPU.ActiveCfg = Debug|Any CPU
		{D3589952-1CE8-4541-8892-EB298A63F6A6}.Debug|Any CPU.Build.0 = Debug|Any CPU
		{D3589952-1CE8-4541-8892-EB298A63F6A6}.Debug|iPhone.ActiveCfg = Debug|Any CPU
		{D3589952-1CE8-4541-8892-EB298A63F6A6}.Debug|iPhone.Build.0 = Debug|Any CPU
		{D3589952-1CE8-4541-8892-EB298A63F6A6}.Debug|iPhoneSimulator.ActiveCfg = Debug|Any CPU
		{D3589952-1CE8-4541-8892-EB298A63F6A6}.Debug|iPhoneSimulator.Build.0 = Debug|Any CPU
		{D3589952-1CE8-4541-8892-EB298A63F6A6}.Release|Any CPU.ActiveCfg = Release|Any CPU
		{D3589952-1CE8-4541-8892-EB298A63F6A6}.Release|Any CPU.Build.0 = Release|Any CPU
		{D3589952-1CE8-4541-8892-EB298A63F6A6}.Release|iPhone.ActiveCfg = Release|Any CPU
		{D3589952-1CE8-4541-8892-EB298A63F6A6}.Release|iPhone.Build.0 = Release|Any CPU
		{D3589952-1CE8-4541-8892-EB298A63F6A6}.Release|iPhoneSimulator.ActiveCfg = Release|Any CPU
		{D3589952-1CE8-4541-8892-EB298A63F6A6}.Release|iPhoneSimulator.Build.0 = Release|Any CPU
		{9B01F65F-24EA-4186-AE70-382E1AD09452}.Debug|Any CPU.ActiveCfg = Debug|Any CPU
		{9B01F65F-24EA-4186-AE70-382E1AD09452}.Debug|Any CPU.Build.0 = Debug|Any CPU
		{9B01F65F-24EA-4186-AE70-382E1AD09452}.Debug|iPhone.ActiveCfg = Debug|Any CPU
		{9B01F65F-24EA-4186-AE70-382E1AD09452}.Debug|iPhone.Build.0 = Debug|Any CPU
		{9B01F65F-24EA-4186-AE70-382E1AD09452}.Debug|iPhoneSimulator.ActiveCfg = Debug|Any CPU
		{9B01F65F-24EA-4186-AE70-382E1AD09452}.Debug|iPhoneSimulator.Build.0 = Debug|Any CPU
		{9B01F65F-24EA-4186-AE70-382E1AD09452}.Release|Any CPU.ActiveCfg = Release|Any CPU
		{9B01F65F-24EA-4186-AE70-382E1AD09452}.Release|Any CPU.Build.0 = Release|Any CPU
		{9B01F65F-24EA-4186-AE70-382E1AD09452}.Release|iPhone.ActiveCfg = Release|Any CPU
		{9B01F65F-24EA-4186-AE70-382E1AD09452}.Release|iPhone.Build.0 = Release|Any CPU
		{9B01F65F-24EA-4186-AE70-382E1AD09452}.Release|iPhoneSimulator.ActiveCfg = Release|Any CPU
		{9B01F65F-24EA-4186-AE70-382E1AD09452}.Release|iPhoneSimulator.Build.0 = Release|Any CPU
		{AF7036AB-0D41-46A5-A5BB-A86A1BEF53B4}.Debug|Any CPU.ActiveCfg = Debug|Any CPU
		{AF7036AB-0D41-46A5-A5BB-A86A1BEF53B4}.Debug|Any CPU.Build.0 = Debug|Any CPU
		{AF7036AB-0D41-46A5-A5BB-A86A1BEF53B4}.Debug|iPhone.ActiveCfg = Debug|Any CPU
		{AF7036AB-0D41-46A5-A5BB-A86A1BEF53B4}.Debug|iPhone.Build.0 = Debug|Any CPU
		{AF7036AB-0D41-46A5-A5BB-A86A1BEF53B4}.Debug|iPhoneSimulator.ActiveCfg = Debug|Any CPU
		{AF7036AB-0D41-46A5-A5BB-A86A1BEF53B4}.Debug|iPhoneSimulator.Build.0 = Debug|Any CPU
		{AF7036AB-0D41-46A5-A5BB-A86A1BEF53B4}.Release|Any CPU.ActiveCfg = Release|Any CPU
		{AF7036AB-0D41-46A5-A5BB-A86A1BEF53B4}.Release|Any CPU.Build.0 = Release|Any CPU
		{AF7036AB-0D41-46A5-A5BB-A86A1BEF53B4}.Release|iPhone.ActiveCfg = Release|Any CPU
		{AF7036AB-0D41-46A5-A5BB-A86A1BEF53B4}.Release|iPhone.Build.0 = Release|Any CPU
		{AF7036AB-0D41-46A5-A5BB-A86A1BEF53B4}.Release|iPhoneSimulator.ActiveCfg = Release|Any CPU
		{AF7036AB-0D41-46A5-A5BB-A86A1BEF53B4}.Release|iPhoneSimulator.Build.0 = Release|Any CPU
		{5F4A8C59-C308-4AFA-B75A-3B913202EFAC}.Debug|Any CPU.ActiveCfg = Debug|Any CPU
		{5F4A8C59-C308-4AFA-B75A-3B913202EFAC}.Debug|Any CPU.Build.0 = Debug|Any CPU
		{5F4A8C59-C308-4AFA-B75A-3B913202EFAC}.Debug|iPhone.ActiveCfg = Debug|Any CPU
		{5F4A8C59-C308-4AFA-B75A-3B913202EFAC}.Debug|iPhone.Build.0 = Debug|Any CPU
		{5F4A8C59-C308-4AFA-B75A-3B913202EFAC}.Debug|iPhoneSimulator.ActiveCfg = Debug|Any CPU
		{5F4A8C59-C308-4AFA-B75A-3B913202EFAC}.Debug|iPhoneSimulator.Build.0 = Debug|Any CPU
		{5F4A8C59-C308-4AFA-B75A-3B913202EFAC}.Release|Any CPU.ActiveCfg = Release|Any CPU
		{5F4A8C59-C308-4AFA-B75A-3B913202EFAC}.Release|Any CPU.Build.0 = Release|Any CPU
		{5F4A8C59-C308-4AFA-B75A-3B913202EFAC}.Release|iPhone.ActiveCfg = Release|Any CPU
		{5F4A8C59-C308-4AFA-B75A-3B913202EFAC}.Release|iPhone.Build.0 = Release|Any CPU
		{5F4A8C59-C308-4AFA-B75A-3B913202EFAC}.Release|iPhoneSimulator.ActiveCfg = Release|Any CPU
		{5F4A8C59-C308-4AFA-B75A-3B913202EFAC}.Release|iPhoneSimulator.Build.0 = Release|Any CPU
		{3AFC12D2-85E2-4D51-83FC-BED1EDA5D59E}.Debug|Any CPU.ActiveCfg = Debug|Any CPU
		{3AFC12D2-85E2-4D51-83FC-BED1EDA5D59E}.Debug|Any CPU.Build.0 = Debug|Any CPU
		{3AFC12D2-85E2-4D51-83FC-BED1EDA5D59E}.Debug|iPhone.ActiveCfg = Debug|Any CPU
		{3AFC12D2-85E2-4D51-83FC-BED1EDA5D59E}.Debug|iPhone.Build.0 = Debug|Any CPU
		{3AFC12D2-85E2-4D51-83FC-BED1EDA5D59E}.Debug|iPhoneSimulator.ActiveCfg = Debug|Any CPU
		{3AFC12D2-85E2-4D51-83FC-BED1EDA5D59E}.Debug|iPhoneSimulator.Build.0 = Debug|Any CPU
		{3AFC12D2-85E2-4D51-83FC-BED1EDA5D59E}.Release|Any CPU.ActiveCfg = Release|Any CPU
		{3AFC12D2-85E2-4D51-83FC-BED1EDA5D59E}.Release|Any CPU.Build.0 = Release|Any CPU
		{3AFC12D2-85E2-4D51-83FC-BED1EDA5D59E}.Release|iPhone.ActiveCfg = Release|Any CPU
		{3AFC12D2-85E2-4D51-83FC-BED1EDA5D59E}.Release|iPhone.Build.0 = Release|Any CPU
		{3AFC12D2-85E2-4D51-83FC-BED1EDA5D59E}.Release|iPhoneSimulator.ActiveCfg = Release|Any CPU
		{3AFC12D2-85E2-4D51-83FC-BED1EDA5D59E}.Release|iPhoneSimulator.Build.0 = Release|Any CPU
		{81FC64D7-C2B4-4296-A170-DF79D60A2FED}.Debug|Any CPU.ActiveCfg = Debug|Any CPU
		{81FC64D7-C2B4-4296-A170-DF79D60A2FED}.Debug|Any CPU.Build.0 = Debug|Any CPU
		{81FC64D7-C2B4-4296-A170-DF79D60A2FED}.Debug|iPhone.ActiveCfg = Debug|Any CPU
		{81FC64D7-C2B4-4296-A170-DF79D60A2FED}.Debug|iPhone.Build.0 = Debug|Any CPU
		{81FC64D7-C2B4-4296-A170-DF79D60A2FED}.Debug|iPhoneSimulator.ActiveCfg = Debug|Any CPU
		{81FC64D7-C2B4-4296-A170-DF79D60A2FED}.Debug|iPhoneSimulator.Build.0 = Debug|Any CPU
		{81FC64D7-C2B4-4296-A170-DF79D60A2FED}.Release|Any CPU.ActiveCfg = Release|Any CPU
		{81FC64D7-C2B4-4296-A170-DF79D60A2FED}.Release|Any CPU.Build.0 = Release|Any CPU
		{81FC64D7-C2B4-4296-A170-DF79D60A2FED}.Release|iPhone.ActiveCfg = Release|Any CPU
		{81FC64D7-C2B4-4296-A170-DF79D60A2FED}.Release|iPhone.Build.0 = Release|Any CPU
		{81FC64D7-C2B4-4296-A170-DF79D60A2FED}.Release|iPhoneSimulator.ActiveCfg = Release|Any CPU
		{81FC64D7-C2B4-4296-A170-DF79D60A2FED}.Release|iPhoneSimulator.Build.0 = Release|Any CPU
		{26E99A31-264D-4123-B476-A1F07039C32A}.Debug|Any CPU.ActiveCfg = Debug|Any CPU
		{26E99A31-264D-4123-B476-A1F07039C32A}.Debug|Any CPU.Build.0 = Debug|Any CPU
		{26E99A31-264D-4123-B476-A1F07039C32A}.Debug|iPhone.ActiveCfg = Debug|Any CPU
		{26E99A31-264D-4123-B476-A1F07039C32A}.Debug|iPhone.Build.0 = Debug|Any CPU
		{26E99A31-264D-4123-B476-A1F07039C32A}.Debug|iPhoneSimulator.ActiveCfg = Debug|Any CPU
		{26E99A31-264D-4123-B476-A1F07039C32A}.Debug|iPhoneSimulator.Build.0 = Debug|Any CPU
		{26E99A31-264D-4123-B476-A1F07039C32A}.Release|Any CPU.ActiveCfg = Release|Any CPU
		{26E99A31-264D-4123-B476-A1F07039C32A}.Release|Any CPU.Build.0 = Release|Any CPU
		{26E99A31-264D-4123-B476-A1F07039C32A}.Release|iPhone.ActiveCfg = Release|Any CPU
		{26E99A31-264D-4123-B476-A1F07039C32A}.Release|iPhone.Build.0 = Release|Any CPU
		{26E99A31-264D-4123-B476-A1F07039C32A}.Release|iPhoneSimulator.ActiveCfg = Release|Any CPU
		{26E99A31-264D-4123-B476-A1F07039C32A}.Release|iPhoneSimulator.Build.0 = Release|Any CPU
		{12483765-D29E-4C0E-8555-AA3152E104A5}.Debug|Any CPU.ActiveCfg = Debug|Any CPU
		{12483765-D29E-4C0E-8555-AA3152E104A5}.Debug|Any CPU.Build.0 = Debug|Any CPU
		{12483765-D29E-4C0E-8555-AA3152E104A5}.Debug|Any CPU.Deploy.0 = Debug|Any CPU
		{12483765-D29E-4C0E-8555-AA3152E104A5}.Debug|iPhone.ActiveCfg = Debug|Any CPU
		{12483765-D29E-4C0E-8555-AA3152E104A5}.Debug|iPhone.Build.0 = Debug|Any CPU
		{12483765-D29E-4C0E-8555-AA3152E104A5}.Debug|iPhone.Deploy.0 = Debug|Any CPU
		{12483765-D29E-4C0E-8555-AA3152E104A5}.Debug|iPhoneSimulator.ActiveCfg = Debug|Any CPU
		{12483765-D29E-4C0E-8555-AA3152E104A5}.Debug|iPhoneSimulator.Build.0 = Debug|Any CPU
		{12483765-D29E-4C0E-8555-AA3152E104A5}.Debug|iPhoneSimulator.Deploy.0 = Debug|Any CPU
		{12483765-D29E-4C0E-8555-AA3152E104A5}.Release|Any CPU.ActiveCfg = Release|Any CPU
		{12483765-D29E-4C0E-8555-AA3152E104A5}.Release|Any CPU.Build.0 = Release|Any CPU
		{12483765-D29E-4C0E-8555-AA3152E104A5}.Release|Any CPU.Deploy.0 = Release|Any CPU
		{12483765-D29E-4C0E-8555-AA3152E104A5}.Release|iPhone.ActiveCfg = Release|Any CPU
		{12483765-D29E-4C0E-8555-AA3152E104A5}.Release|iPhone.Build.0 = Release|Any CPU
		{12483765-D29E-4C0E-8555-AA3152E104A5}.Release|iPhone.Deploy.0 = Release|Any CPU
		{12483765-D29E-4C0E-8555-AA3152E104A5}.Release|iPhoneSimulator.ActiveCfg = Release|Any CPU
		{12483765-D29E-4C0E-8555-AA3152E104A5}.Release|iPhoneSimulator.Build.0 = Release|Any CPU
		{12483765-D29E-4C0E-8555-AA3152E104A5}.Release|iPhoneSimulator.Deploy.0 = Release|Any CPU
		{FD222412-8C2E-4BE6-8453-92402E737F97}.Debug|Any CPU.ActiveCfg = Debug|iPhoneSimulator
		{FD222412-8C2E-4BE6-8453-92402E737F97}.Debug|iPhone.ActiveCfg = Debug|iPhone
		{FD222412-8C2E-4BE6-8453-92402E737F97}.Debug|iPhone.Build.0 = Debug|iPhone
		{FD222412-8C2E-4BE6-8453-92402E737F97}.Debug|iPhoneSimulator.ActiveCfg = Debug|iPhoneSimulator
		{FD222412-8C2E-4BE6-8453-92402E737F97}.Debug|iPhoneSimulator.Build.0 = Debug|iPhoneSimulator
		{FD222412-8C2E-4BE6-8453-92402E737F97}.Release|Any CPU.ActiveCfg = Release|iPhoneSimulator
		{FD222412-8C2E-4BE6-8453-92402E737F97}.Release|iPhone.ActiveCfg = Release|iPhone
		{FD222412-8C2E-4BE6-8453-92402E737F97}.Release|iPhone.Build.0 = Release|iPhone
		{FD222412-8C2E-4BE6-8453-92402E737F97}.Release|iPhoneSimulator.ActiveCfg = Release|iPhoneSimulator
		{FD222412-8C2E-4BE6-8453-92402E737F97}.Release|iPhoneSimulator.Build.0 = Release|iPhoneSimulator
		{16DC3753-4591-4288-B566-39B6943B5297}.Debug|Any CPU.ActiveCfg = Debug|Any CPU
		{16DC3753-4591-4288-B566-39B6943B5297}.Debug|Any CPU.Build.0 = Debug|Any CPU
		{16DC3753-4591-4288-B566-39B6943B5297}.Debug|iPhone.ActiveCfg = Debug|Any CPU
		{16DC3753-4591-4288-B566-39B6943B5297}.Debug|iPhone.Build.0 = Debug|Any CPU
		{16DC3753-4591-4288-B566-39B6943B5297}.Debug|iPhoneSimulator.ActiveCfg = Debug|Any CPU
		{16DC3753-4591-4288-B566-39B6943B5297}.Debug|iPhoneSimulator.Build.0 = Debug|Any CPU
		{16DC3753-4591-4288-B566-39B6943B5297}.Release|Any CPU.ActiveCfg = Release|Any CPU
		{16DC3753-4591-4288-B566-39B6943B5297}.Release|Any CPU.Build.0 = Release|Any CPU
		{16DC3753-4591-4288-B566-39B6943B5297}.Release|iPhone.ActiveCfg = Release|Any CPU
		{16DC3753-4591-4288-B566-39B6943B5297}.Release|iPhone.Build.0 = Release|Any CPU
		{16DC3753-4591-4288-B566-39B6943B5297}.Release|iPhoneSimulator.ActiveCfg = Release|Any CPU
		{16DC3753-4591-4288-B566-39B6943B5297}.Release|iPhoneSimulator.Build.0 = Release|Any CPU
	EndGlobalSection
	GlobalSection(SolutionProperties) = preSolution
		HideSolutionNode = FALSE
	EndGlobalSection
	GlobalSection(NestedProjects) = preSolution
		{16C3CB74-F491-48F1-9623-FC1B76D18F7C} = {14677FAB-1EEC-4CBC-AE72-CD79EA5C195C}
		{A219AFA5-C19A-4EE6-BCA2-DD832EB3D1B5} = {14677FAB-1EEC-4CBC-AE72-CD79EA5C195C}
		{A30AC377-1A79-4F88-98B3-FB63BFD04D3F} = {14677FAB-1EEC-4CBC-AE72-CD79EA5C195C}
		{124A172F-8F67-4B35-B851-20E103C4C631} = {4D841E9A-6579-4115-BE72-7F8625342B14}
		{D3589952-1CE8-4541-8892-EB298A63F6A6} = {9CA3571C-EEFC-403D-B2ED-828ECD44D1C3}
		{9B01F65F-24EA-4186-AE70-382E1AD09452} = {9CA3571C-EEFC-403D-B2ED-828ECD44D1C3}
		{AF7036AB-0D41-46A5-A5BB-A86A1BEF53B4} = {9CA3571C-EEFC-403D-B2ED-828ECD44D1C3}
		{5F4A8C59-C308-4AFA-B75A-3B913202EFAC} = {A7615F94-CFBF-47F8-938A-A7427F2A3CB5}
		{3AFC12D2-85E2-4D51-83FC-BED1EDA5D59E} = {A7615F94-CFBF-47F8-938A-A7427F2A3CB5}
		{81FC64D7-C2B4-4296-A170-DF79D60A2FED} = {A7615F94-CFBF-47F8-938A-A7427F2A3CB5}
		{26E99A31-264D-4123-B476-A1F07039C32A} = {A7615F94-CFBF-47F8-938A-A7427F2A3CB5}
		{12483765-D29E-4C0E-8555-AA3152E104A5} = {489917F1-FA31-4022-AA66-E1379AE92EFF}
		{FD222412-8C2E-4BE6-8453-92402E737F97} = {489917F1-FA31-4022-AA66-E1379AE92EFF}
		{16DC3753-4591-4288-B566-39B6943B5297} = {489917F1-FA31-4022-AA66-E1379AE92EFF}
	EndGlobalSection
	GlobalSection(ExtensibilityGlobals) = postSolution
		SolutionGuid = {55400471-0EA2-44CC-A088-CBEFF4485B7B}
	EndGlobalSection
EndGlobal
